
Microsoft Visual Studio Solution File, Format Version 12.00
# Visual Studio Version 16
VisualStudioVersion = 16.0.30503.244
MinimumVisualStudioVersion = 10.0.40219.1
Project("{FAE04EC0-301F-11D3-BF4B-00C04F79EFBC}") = "Collection Manager", "Collection Manager.csproj", "{AC6BA483-059C-42D3-921C-167B4DB7D22C}"
EndProject
Global
	GlobalSection(SolutionConfigurationPlatforms) = preSolution
		Debug|Any CPU = Debug|Any CPU
		Debug|x86 = Debug|x86
		Release|Any CPU = Release|Any CPU
		Release|x86 = Release|x86
	EndGlobalSection
	GlobalSection(ProjectConfigurationPlatforms) = postSolution
		{AC6BA483-059C-42D3-921C-167B4DB7D22C}.Debug|Any CPU.ActiveCfg = Debug|Any CPU
		{AC6BA483-059C-42D3-921C-167B4DB7D22C}.Debug|Any CPU.Build.0 = Debug|Any CPU
		{AC6BA483-059C-42D3-921C-167B4DB7D22C}.Debug|x86.ActiveCfg = Debug|Any CPU
		{AC6BA483-059C-42D3-921C-167B4DB7D22C}.Debug|x86.Build.0 = Debug|Any CPU
		{AC6BA483-059C-42D3-921C-167B4DB7D22C}.Release|Any CPU.ActiveCfg = Release|Any CPU
		{AC6BA483-059C-42D3-921C-167B4DB7D22C}.Release|Any CPU.Build.0 = Release|Any CPU
		{AC6BA483-059C-42D3-921C-167B4DB7D22C}.Release|x86.ActiveCfg = Release|Any CPU
		{AC6BA483-059C-42D3-921C-167B4DB7D22C}.Release|x86.Build.0 = Release|Any CPU
	EndGlobalSection
	GlobalSection(SolutionProperties) = preSolution
		HideSolutionNode = FALSE
	EndGlobalSection
	GlobalSection(ExtensibilityGlobals) = postSolution
		SolutionGuid = {A0DA4B91-F5FE-4007-8FBC-1F8013528E8E}
	EndGlobalSection
EndGlobal
